
Microsoft Visual Studio Solution File, Format Version 12.00
# Visual Studio Version 17
VisualStudioVersion = 17.2.32616.157
MinimumVisualStudioVersion = 10.0.40219.1
Project("{FAE04EC0-301F-11D3-BF4B-00C04F79EFBC}") = "TrackerLibrary", "TrackerLibrary\TrackerLibrary.csproj", "{FDFA8547-8B5D-4833-872F-8CD4E15B549D}"
EndProject
Project("{FAE04EC0-301F-11D3-BF4B-00C04F79EFBC}") = "TrackerUI", "TrackerUI\TrackerUI.csproj", "{AECDA911-1A0B-4BA2-A67A-0558B4A67320}"
EndProject
Global
	GlobalSection(SolutionConfigurationPlatforms) = preSolution
		Debug|Any CPU = Debug|Any CPU
		Release|Any CPU = Release|Any CPU
	EndGlobalSection
	GlobalSection(ProjectConfigurationPlatforms) = postSolution
		{FDFA8547-8B5D-4833-872F-8CD4E15B549D}.Debug|Any CPU.ActiveCfg = Debug|Any CPU
		{FDFA8547-8B5D-4833-872F-8CD4E15B549D}.Debug|Any CPU.Build.0 = Debug|Any CPU
		{FDFA8547-8B5D-4833-872F-8CD4E15B549D}.Release|Any CPU.ActiveCfg = Release|Any CPU
		{FDFA8547-8B5D-4833-872F-8CD4E15B549D}.Release|Any CPU.Build.0 = Release|Any CPU
		{AECDA911-1A0B-4BA2-A67A-0558B4A67320}.Debug|Any CPU.ActiveCfg = Debug|Any CPU
		{AECDA911-1A0B-4BA2-A67A-0558B4A67320}.Debug|Any CPU.Build.0 = Debug|Any CPU
		{AECDA911-1A0B-4BA2-A67A-0558B4A67320}.Release|Any CPU.ActiveCfg = Release|Any CPU
		{AECDA911-1A0B-4BA2-A67A-0558B4A67320}.Release|Any CPU.Build.0 = Release|Any CPU
	EndGlobalSection
	GlobalSection(SolutionProperties) = preSolution
		HideSolutionNode = FALSE
	EndGlobalSection
	GlobalSection(ExtensibilityGlobals) = postSolution
		SolutionGuid = {EF7D0192-F226-4923-B498-A8AE828863E6}
	EndGlobalSection
EndGlobal
